
Microsoft Visual Studio Solution File, Format Version 12.00
# Visual Studio Version 17
VisualStudioVersion = 17.0.31903.59
MinimumVisualStudioVersion = 10.0.40219.1
Project("{2150E333-8FDC-42A3-9474-1A3956D46DE8}") = "src", "src", "{827E0CD3-B72D-47B6-A68D-7590B98EB39B}"
EndProject
Project("{FAE04EC0-301F-11D3-BF4B-00C04F79EFBC}") = "PbHtmlBuilder.Host", "src\PbHtmlBuilder.Host\PbHtmlBuilder.Host.csproj", "{A0269D17-D2AD-4198-804E-CAEA1A168BF8}"
EndProject
Project("{FAE04EC0-301F-11D3-BF4B-00C04F79EFBC}") = "PbHtmlBuilder.UI", "src\PbHtmlBuilder.UI\PbHtmlBuilder.UI.csproj", "{C80C1A8E-139C-4E4C-9FE7-6F0BB89BB463}"
EndProject
Project("{FAE04EC0-301F-11D3-BF4B-00C04F79EFBC}") = "PbHtmlBuilder.Domain", "src\PbHtmlBuilder.Domain\PbHtmlBuilder.Domain.csproj", "{8C38E4D9-01B1-4A3F-81F5-28097410D323}"
EndProject
Project("{FAE04EC0-301F-11D3-BF4B-00C04F79EFBC}") = "PbHtmlBuilder.Application", "src\PbHtmlBuilder.Application\PbHtmlBuilder.Application.csproj", "{F879E08A-CAA2-4182-8570-FFB8AA654996}"
EndProject
Project("{FAE04EC0-301F-11D3-BF4B-00C04F79EFBC}") = "PbHtmlBuilder.Artifacts", "src\PbHtmlBuilder.Artifacts\PbHtmlBuilder.Artifacts.csproj", "{FA461ADA-87C5-4C20-AC7B-C9EFE3C4D47D}"
EndProject
Project("{FAE04EC0-301F-11D3-BF4B-00C04F79EFBC}") = "PbHtmlBuilder.Infrastructure", "src\PbHtmlBuilder.Infrastructure\PbHtmlBuilder.Infrastructure.csproj", "{ED4E76F9-8B1F-4D5E-A8CC-15133B45168A}"
EndProject
Global
	GlobalSection(SolutionConfigurationPlatforms) = preSolution
		Debug|Any CPU = Debug|Any CPU
		Debug|x64 = Debug|x64
		Debug|x86 = Debug|x86
		Release|Any CPU = Release|Any CPU
		Release|x64 = Release|x64
		Release|x86 = Release|x86
	EndGlobalSection
	GlobalSection(ProjectConfigurationPlatforms) = postSolution
		{A0269D17-D2AD-4198-804E-CAEA1A168BF8}.Debug|Any CPU.ActiveCfg = Debug|Any CPU
		{A0269D17-D2AD-4198-804E-CAEA1A168BF8}.Debug|Any CPU.Build.0 = Debug|Any CPU
		{A0269D17-D2AD-4198-804E-CAEA1A168BF8}.Debug|x64.ActiveCfg = Debug|Any CPU
		{A0269D17-D2AD-4198-804E-CAEA1A168BF8}.Debug|x64.Build.0 = Debug|Any CPU
		{A0269D17-D2AD-4198-804E-CAEA1A168BF8}.Debug|x86.ActiveCfg = Debug|Any CPU
		{A0269D17-D2AD-4198-804E-CAEA1A168BF8}.Debug|x86.Build.0 = Debug|Any CPU
		{A0269D17-D2AD-4198-804E-CAEA1A168BF8}.Release|Any CPU.ActiveCfg = Release|Any CPU
		{A0269D17-D2AD-4198-804E-CAEA1A168BF8}.Release|Any CPU.Build.0 = Release|Any CPU
		{A0269D17-D2AD-4198-804E-CAEA1A168BF8}.Release|x64.ActiveCfg = Release|Any CPU
		{A0269D17-D2AD-4198-804E-CAEA1A168BF8}.Release|x64.Build.0 = Release|Any CPU
		{A0269D17-D2AD-4198-804E-CAEA1A168BF8}.Release|x86.ActiveCfg = Release|Any CPU
		{A0269D17-D2AD-4198-804E-CAEA1A168BF8}.Release|x86.Build.0 = Release|Any CPU
		{C80C1A8E-139C-4E4C-9FE7-6F0BB89BB463}.Debug|Any CPU.ActiveCfg = Debug|Any CPU
		{C80C1A8E-139C-4E4C-9FE7-6F0BB89BB463}.Debug|Any CPU.Build.0 = Debug|Any CPU
		{C80C1A8E-139C-4E4C-9FE7-6F0BB89BB463}.Debug|x64.ActiveCfg = Debug|Any CPU
		{C80C1A8E-139C-4E4C-9FE7-6F0BB89BB463}.Debug|x64.Build.0 = Debug|Any CPU
		{C80C1A8E-139C-4E4C-9FE7-6F0BB89BB463}.Debug|x86.ActiveCfg = Debug|Any CPU
		{C80C1A8E-139C-4E4C-9FE7-6F0BB89BB463}.Debug|x86.Build.0 = Debug|Any CPU
		{C80C1A8E-139C-4E4C-9FE7-6F0BB89BB463}.Release|Any CPU.ActiveCfg = Release|Any CPU
		{C80C1A8E-139C-4E4C-9FE7-6F0BB89BB463}.Release|Any CPU.Build.0 = Release|Any CPU
		{C80C1A8E-139C-4E4C-9FE7-6F0BB89BB463}.Release|x64.ActiveCfg = Release|Any CPU
		{C80C1A8E-139C-4E4C-9FE7-6F0BB89BB463}.Release|x64.Build.0 = Release|Any CPU
		{C80C1A8E-139C-4E4C-9FE7-6F0BB89BB463}.Release|x86.ActiveCfg = Release|Any CPU
		{C80C1A8E-139C-4E4C-9FE7-6F0BB89BB463}.Release|x86.Build.0 = Release|Any CPU
		{8C38E4D9-01B1-4A3F-81F5-28097410D323}.Debug|Any CPU.ActiveCfg = Debug|Any CPU
		{8C38E4D9-01B1-4A3F-81F5-28097410D323}.Debug|Any CPU.Build.0 = Debug|Any CPU
		{8C38E4D9-01B1-4A3F-81F5-28097410D323}.Debug|x64.ActiveCfg = Debug|Any CPU
		{8C38E4D9-01B1-4A3F-81F5-28097410D323}.Debug|x64.Build.0 = Debug|Any CPU
		{8C38E4D9-01B1-4A3F-81F5-28097410D323}.Debug|x86.ActiveCfg = Debug|Any CPU
		{8C38E4D9-01B1-4A3F-81F5-28097410D323}.Debug|x86.Build.0 = Debug|Any CPU
		{8C38E4D9-01B1-4A3F-81F5-28097410D323}.Release|Any CPU.ActiveCfg = Release|Any CPU
		{8C38E4D9-01B1-4A3F-81F5-28097410D323}.Release|Any CPU.Build.0 = Release|Any CPU
		{8C38E4D9-01B1-4A3F-81F5-28097410D323}.Release|x64.ActiveCfg = Release|Any CPU
		{8C38E4D9-01B1-4A3F-81F5-28097410D323}.Release|x64.Build.0 = Release|Any CPU
		{8C38E4D9-01B1-4A3F-81F5-28097410D323}.Release|x86.ActiveCfg = Release|Any CPU
		{8C38E4D9-01B1-4A3F-81F5-28097410D323}.Release|x86.Build.0 = Release|Any CPU
		{F879E08A-CAA2-4182-8570-FFB8AA654996}.Debug|Any CPU.ActiveCfg = Debug|Any CPU
		{F879E08A-CAA2-4182-8570-FFB8AA654996}.Debug|Any CPU.Build.0 = Debug|Any CPU
		{F879E08A-CAA2-4182-8570-FFB8AA654996}.Debug|x64.ActiveCfg = Debug|Any CPU
		{F879E08A-CAA2-4182-8570-FFB8AA654996}.Debug|x64.Build.0 = Debug|Any CPU
		{F879E08A-CAA2-4182-8570-FFB8AA654996}.Debug|x86.ActiveCfg = Debug|Any CPU
		{F879E08A-CAA2-4182-8570-FFB8AA654996}.Debug|x86.Build.0 = Debug|Any CPU
		{F879E08A-CAA2-4182-8570-FFB8AA654996}.Release|Any CPU.ActiveCfg = Release|Any CPU
		{F879E08A-CAA2-4182-8570-FFB8AA654996}.Release|Any CPU.Build.0 = Release|Any CPU
		{F879E08A-CAA2-4182-8570-FFB8AA654996}.Release|x64.ActiveCfg = Release|Any CPU
		{F879E08A-CAA2-4182-8570-FFB8AA654996}.Release|x64.Build.0 = Release|Any CPU
		{F879E08A-CAA2-4182-8570-FFB8AA654996}.Release|x86.ActiveCfg = Release|Any CPU
		{F879E08A-CAA2-4182-8570-FFB8AA654996}.Release|x86.Build.0 = Release|Any CPU
		{FA461ADA-87C5-4C20-AC7B-C9EFE3C4D47D}.Debug|Any CPU.ActiveCfg = Debug|Any CPU
		{FA461ADA-87C5-4C20-AC7B-C9EFE3C4D47D}.Debug|Any CPU.Build.0 = Debug|Any CPU
		{FA461ADA-87C5-4C20-AC7B-C9EFE3C4D47D}.Debug|x64.ActiveCfg = Debug|Any CPU
		{FA461ADA-87C5-4C20-AC7B-C9EFE3C4D47D}.Debug|x64.Build.0 = Debug|Any CPU
		{FA461ADA-87C5-4C20-AC7B-C9EFE3C4D47D}.Debug|x86.ActiveCfg = Debug|Any CPU
		{FA461ADA-87C5-4C20-AC7B-C9EFE3C4D47D}.Debug|x86.Build.0 = Debug|Any CPU
		{FA461ADA-87C5-4C20-AC7B-C9EFE3C4D47D}.Release|Any CPU.ActiveCfg = Release|Any CPU
		{FA461ADA-87C5-4C20-AC7B-C9EFE3C4D47D}.Release|Any CPU.Build.0 = Release|Any CPU
		{FA461ADA-87C5-4C20-AC7B-C9EFE3C4D47D}.Release|x64.ActiveCfg = Release|Any CPU
		{FA461ADA-87C5-4C20-AC7B-C9EFE3C4D47D}.Release|x64.Build.0 = Release|Any CPU
		{FA461ADA-87C5-4C20-AC7B-C9EFE3C4D47D}.Release|x86.ActiveCfg = Release|Any CPU
		{FA461ADA-87C5-4C20-AC7B-C9EFE3C4D47D}.Release|x86.Build.0 = Release|Any CPU
		{ED4E76F9-8B1F-4D5E-A8CC-15133B45168A}.Debug|Any CPU.ActiveCfg = Debug|Any CPU
		{ED4E76F9-8B1F-4D5E-A8CC-15133B45168A}.Debug|Any CPU.Build.0 = Debug|Any CPU
		{ED4E76F9-8B1F-4D5E-A8CC-15133B45168A}.Debug|x64.ActiveCfg = Debug|Any CPU
		{ED4E76F9-8B1F-4D5E-A8CC-15133B45168A}.Debug|x64.Build.0 = Debug|Any CPU
		{ED4E76F9-8B1F-4D5E-A8CC-15133B45168A}.Debug|x86.ActiveCfg = Debug|Any CPU
		{ED4E76F9-8B1F-4D5E-A8CC-15133B45168A}.Debug|x86.Build.0 = Debug|Any CPU
		{ED4E76F9-8B1F-4D5E-A8CC-15133B45168A}.Release|Any CPU.ActiveCfg = Release|Any CPU
		{ED4E76F9-8B1F-4D5E-A8CC-15133B45168A}.Release|Any CPU.Build.0 = Release|Any CPU
		{ED4E76F9-8B1F-4D5E-A8CC-15133B45168A}.Release|x64.ActiveCfg = Release|Any CPU
		{ED4E76F9-8B1F-4D5E-A8CC-15133B45168A}.Release|x64.Build.0 = Release|Any CPU
		{ED4E76F9-8B1F-4D5E-A8CC-15133B45168A}.Release|x86.ActiveCfg = Release|Any CPU
		{ED4E76F9-8B1F-4D5E-A8CC-15133B45168A}.Release|x86.Build.0 = Release|Any CPU
	EndGlobalSection
	GlobalSection(SolutionProperties) = preSolution
		HideSolutionNode = FALSE
	EndGlobalSection
	GlobalSection(NestedProjects) = preSolution
		{A0269D17-D2AD-4198-804E-CAEA1A168BF8} = {827E0CD3-B72D-47B6-A68D-7590B98EB39B}
		{C80C1A8E-139C-4E4C-9FE7-6F0BB89BB463} = {827E0CD3-B72D-47B6-A68D-7590B98EB39B}
		{8C38E4D9-01B1-4A3F-81F5-28097410D323} = {827E0CD3-B72D-47B6-A68D-7590B98EB39B}
		{F879E08A-CAA2-4182-8570-FFB8AA654996} = {827E0CD3-B72D-47B6-A68D-7590B98EB39B}
		{FA461ADA-87C5-4C20-AC7B-C9EFE3C4D47D} = {827E0CD3-B72D-47B6-A68D-7590B98EB39B}
		{ED4E76F9-8B1F-4D5E-A8CC-15133B45168A} = {827E0CD3-B72D-47B6-A68D-7590B98EB39B}
	EndGlobalSection
EndGlobal
